Microsoft Visual Studio Solution File, Format Version 12.00
# Visual Studio Version 17
VisualStudioVersion = 17.5.2.0
MinimumVisualStudioVersion = 10.0.40219.1
Project("{FAE04EC0-301F-11D3-BF4B-00C04F79EFBC}") = "SlotMachineAPI", "SlotMachineAPI\SlotMachineAPI.csproj", "{511232B1-74E7-914A-A793-211EB888FBEB}"
EndProject
Project("{FAE04EC0-301F-11D3-BF4B-00C04F79EFBC}") = "SlotMachineUI", "SlotMachineUI\SlotMachineUI\SlotMachineUI.csproj", "{3E0E7406-25D6-1015-D871-E657B15E9790}"
EndProject
Project("{FAE04EC0-301F-11D3-BF4B-00C04F79EFBC}") = "SlotMachineUI.Client", "SlotMachineUI\SlotMachineUI.Client\SlotMachineUI.Client.csproj", "{2DED5A4A-65C3-CD61-E80D-9C4245561011}"
EndProject
Project("{FAE04EC0-301F-11D3-BF4B-00C04F79EFBC}") = "SlotMachineAPI.Tests", "SlotMachineAPI.Tests\SlotMachineAPI.Tests.csproj", "{3B49F4F3-FD9A-7BD7-B3FE-04AE739BFF58}"
EndProject
Global
	GlobalSection(SolutionConfigurationPlatforms) = preSolution
		Debug|Any CPU = Debug|Any CPU
		Release|Any CPU = Release|Any CPU
	EndGlobalSection
	GlobalSection(ProjectConfigurationPlatforms) = postSolution
		{511232B1-74E7-914A-A793-211EB888FBEB}.Debug|Any CPU.ActiveCfg = Debug|Any CPU
		{511232B1-74E7-914A-A793-211EB888FBEB}.Debug|Any CPU.Build.0 = Debug|Any CPU
		{511232B1-74E7-914A-A793-211EB888FBEB}.Release|Any CPU.ActiveCfg = Release|Any CPU
		{511232B1-74E7-914A-A793-211EB888FBEB}.Release|Any CPU.Build.0 = Release|Any CPU
		{3E0E7406-25D6-1015-D871-E657B15E9790}.Debug|Any CPU.ActiveCfg = Debug|Any CPU
		{3E0E7406-25D6-1015-D871-E657B15E9790}.Debug|Any CPU.Build.0 = Debug|Any CPU
		{3E0E7406-25D6-1015-D871-E657B15E9790}.Release|Any CPU.ActiveCfg = Release|Any CPU
		{3E0E7406-25D6-1015-D871-E657B15E9790}.Release|Any CPU.Build.0 = Release|Any CPU
		{2DED5A4A-65C3-CD61-E80D-9C4245561011}.Debug|Any CPU.ActiveCfg = Debug|Any CPU
		{2DED5A4A-65C3-CD61-E80D-9C4245561011}.Debug|Any CPU.Build.0 = Debug|Any CPU
		{2DED5A4A-65C3-CD61-E80D-9C4245561011}.Release|Any CPU.ActiveCfg = Release|Any CPU
		{2DED5A4A-65C3-CD61-E80D-9C4245561011}.Release|Any CPU.Build.0 = Release|Any CPU
		{3B49F4F3-FD9A-7BD7-B3FE-04AE739BFF58}.Debug|Any CPU.ActiveCfg = Debug|Any CPU
		{3B49F4F3-FD9A-7BD7-B3FE-04AE739BFF58}.Debug|Any CPU.Build.0 = Debug|Any CPU
		{3B49F4F3-FD9A-7BD7-B3FE-04AE739BFF58}.Release|Any CPU.ActiveCfg = Release|Any CPU
		{3B49F4F3-FD9A-7BD7-B3FE-04AE739BFF58}.Release|Any CPU.Build.0 = Release|Any CPU
	EndGlobalSection
	GlobalSection(SolutionProperties) = preSolution
		HideSolutionNode = FALSE
	EndGlobalSection
	GlobalSection(ExtensibilityGlobals) = postSolution
		SolutionGuid = {80E5136F-9A7B-4EB1-8929-0F66C4CA65A7}
	EndGlobalSection
EndGlobal
